
Microsoft Visual Studio Solution File, Format Version 12.00
# Visual Studio 2013
VisualStudioVersion = 12.0.40629.0
MinimumVisualStudioVersion = 10.0.40219.1
Project("{FAE04EC0-301F-11D3-BF4B-00C04F79EFBC}") = "SyncSoft.PayCenter", "SyncSoft.PayCenter\SyncSoft.PayCenter.csproj", "{75AD24F4-0C64-4775-B86D-391769AF978C}"
EndProject
Project("{FAE04EC0-301F-11D3-BF4B-00C04F79EFBC}") = "SyncSoft.PayCenterSdk", "SyncSoft.PayCenterSdk\SyncSoft.PayCenterSdk.csproj", "{D1433471-966D-433F-8572-869DC226319F}"
EndProject
Project("{FAE04EC0-301F-11D3-BF4B-00C04F79EFBC}") = "SyncSoft.Payment", "SyncSoft.Payment\SyncSoft.Payment.csproj", "{671C01A8-EFDD-4B3D-87EF-9280007E9502}"
EndProject
Project("{FAE04EC0-301F-11D3-BF4B-00C04F79EFBC}") = "SyncSoft.HHWebSite", "SyncSoft.HHWebSite\SyncSoft.HHWebSite.csproj", "{BC626EFB-B5C0-40F9-AA59-0E4FEACECBD7}"
EndProject
Project("{2150E333-8FDC-42A3-9474-1A3956D46DE8}") = "PaySdk", "PaySdk", "{0231B44B-4AD4-4FA9-889B-FDBEEBFB6EFC}"
EndProject
Project("{FAE04EC0-301F-11D3-BF4B-00C04F79EFBC}") = "AopSdk", "PaySdk\AliPay\AopSdk.csproj", "{9C11CAE5-5188-4E71-825B-68FC3135728A}"
EndProject
Project("{FAE04EC0-301F-11D3-BF4B-00C04F79EFBC}") = "AlipaySdk", "AlipaySdk\AlipaySdk.csproj", "{22CE3DF8-09B7-4412-8F56-44F14697AF38}"
EndProject
Project("{2150E333-8FDC-42A3-9474-1A3956D46DE8}") = "Test", "Test", "{85A78EB1-18B9-42DB-8FFB-5D9117C0FA3A}"
EndProject
Project("{FAE04EC0-301F-11D3-BF4B-00C04F79EFBC}") = "DirectPayRSA", "DirectPayRSA\DirectPayRSA.csproj", "{25BF3840-4262-4485-A02B-5928B03EB79E}"
EndProject
Project("{2150E333-8FDC-42A3-9474-1A3956D46DE8}") = "Biz", "Biz", "{A5E749E3-0352-4A8E-8292-4C6E1E03966C}"
EndProject
Project("{FAE04EC0-301F-11D3-BF4B-00C04F79EFBC}") = "UnitTestProject1", "UnitTestProject1\UnitTestProject1.csproj", "{D3018043-509E-49B0-BFC7-0BF33AC6AE9F}"
EndProject
Project("{FAE04EC0-301F-11D3-BF4B-00C04F79EFBC}") = "PayCenterSdk", "PayCenterSdk\PayCenterSdk.csproj", "{A33EB658-FF7B-47EC-82ED-226DF7EE26B8}"
EndProject
Global
	GlobalSection(SolutionConfigurationPlatforms) = preSolution
		Debug|Any CPU = Debug|Any CPU
		Release|Any CPU = Release|Any CPU
	EndGlobalSection
	GlobalSection(ProjectConfigurationPlatforms) = postSolution
		{75AD24F4-0C64-4775-B86D-391769AF978C}.Debug|Any CPU.ActiveCfg = Debug|Any CPU
		{75AD24F4-0C64-4775-B86D-391769AF978C}.Debug|Any CPU.Build.0 = Debug|Any CPU
		{75AD24F4-0C64-4775-B86D-391769AF978C}.Release|Any CPU.ActiveCfg = Release|Any CPU
		{75AD24F4-0C64-4775-B86D-391769AF978C}.Release|Any CPU.Build.0 = Release|Any CPU
		{D1433471-966D-433F-8572-869DC226319F}.Debug|Any CPU.ActiveCfg = Debug|Any CPU
		{D1433471-966D-433F-8572-869DC226319F}.Debug|Any CPU.Build.0 = Debug|Any CPU
		{D1433471-966D-433F-8572-869DC226319F}.Release|Any CPU.ActiveCfg = Release|Any CPU
		{D1433471-966D-433F-8572-869DC226319F}.Release|Any CPU.Build.0 = Release|Any CPU
		{671C01A8-EFDD-4B3D-87EF-9280007E9502}.Debug|Any CPU.ActiveCfg = Debug|Any CPU
		{671C01A8-EFDD-4B3D-87EF-9280007E9502}.Debug|Any CPU.Build.0 = Debug|Any CPU
		{671C01A8-EFDD-4B3D-87EF-9280007E9502}.Release|Any CPU.ActiveCfg = Release|Any CPU
		{671C01A8-EFDD-4B3D-87EF-9280007E9502}.Release|Any CPU.Build.0 = Release|Any CPU
		{BC626EFB-B5C0-40F9-AA59-0E4FEACECBD7}.Debug|Any CPU.ActiveCfg = Debug|Any CPU
		{BC626EFB-B5C0-40F9-AA59-0E4FEACECBD7}.Debug|Any CPU.Build.0 = Debug|Any CPU
		{BC626EFB-B5C0-40F9-AA59-0E4FEACECBD7}.Release|Any CPU.ActiveCfg = Release|Any CPU
		{BC626EFB-B5C0-40F9-AA59-0E4FEACECBD7}.Release|Any CPU.Build.0 = Release|Any CPU
		{9C11CAE5-5188-4E71-825B-68FC3135728A}.Debug|Any CPU.ActiveCfg = Debug|Any CPU
		{9C11CAE5-5188-4E71-825B-68FC3135728A}.Debug|Any CPU.Build.0 = Debug|Any CPU
		{9C11CAE5-5188-4E71-825B-68FC3135728A}.Release|Any CPU.ActiveCfg = Release|Any CPU
		{9C11CAE5-5188-4E71-825B-68FC3135728A}.Release|Any CPU.Build.0 = Release|Any CPU
		{22CE3DF8-09B7-4412-8F56-44F14697AF38}.Debug|Any CPU.ActiveCfg = Debug|Any CPU
		{22CE3DF8-09B7-4412-8F56-44F14697AF38}.Debug|Any CPU.Build.0 = Debug|Any CPU
		{22CE3DF8-09B7-4412-8F56-44F14697AF38}.Release|Any CPU.ActiveCfg = Release|Any CPU
		{22CE3DF8-09B7-4412-8F56-44F14697AF38}.Release|Any CPU.Build.0 = Release|Any CPU
		{25BF3840-4262-4485-A02B-5928B03EB79E}.Debug|Any CPU.ActiveCfg = Debug|Any CPU
		{25BF3840-4262-4485-A02B-5928B03EB79E}.Debug|Any CPU.Build.0 = Debug|Any CPU
		{25BF3840-4262-4485-A02B-5928B03EB79E}.Release|Any CPU.ActiveCfg = Release|Any CPU
		{25BF3840-4262-4485-A02B-5928B03EB79E}.Release|Any CPU.Build.0 = Release|Any CPU
		{D3018043-509E-49B0-BFC7-0BF33AC6AE9F}.Debug|Any CPU.ActiveCfg = Debug|Any CPU
		{D3018043-509E-49B0-BFC7-0BF33AC6AE9F}.Debug|Any CPU.Build.0 = Debug|Any CPU
		{D3018043-509E-49B0-BFC7-0BF33AC6AE9F}.Release|Any CPU.ActiveCfg = Release|Any CPU
		{D3018043-509E-49B0-BFC7-0BF33AC6AE9F}.Release|Any CPU.Build.0 = Release|Any CPU
		{A33EB658-FF7B-47EC-82ED-226DF7EE26B8}.Debug|Any CPU.ActiveCfg = Debug|Any CPU
		{A33EB658-FF7B-47EC-82ED-226DF7EE26B8}.Debug|Any CPU.Build.0 = Debug|Any CPU
		{A33EB658-FF7B-47EC-82ED-226DF7EE26B8}.Release|Any CPU.ActiveCfg = Release|Any CPU
		{A33EB658-FF7B-47EC-82ED-226DF7EE26B8}.Release|Any CPU.Build.0 = Release|Any CPU
	EndGlobalSection
	GlobalSection(SolutionProperties) = preSolution
		HideSolutionNode = FALSE
	EndGlobalSection
	GlobalSection(NestedProjects) = preSolution
		{9C11CAE5-5188-4E71-825B-68FC3135728A} = {0231B44B-4AD4-4FA9-889B-FDBEEBFB6EFC}
		{22CE3DF8-09B7-4412-8F56-44F14697AF38} = {0231B44B-4AD4-4FA9-889B-FDBEEBFB6EFC}
		{25BF3840-4262-4485-A02B-5928B03EB79E} = {85A78EB1-18B9-42DB-8FFB-5D9117C0FA3A}
		{A33EB658-FF7B-47EC-82ED-226DF7EE26B8} = {0231B44B-4AD4-4FA9-889B-FDBEEBFB6EFC}
	EndGlobalSection
EndGlobal
